
Microsoft Visual Studio Solution File, Format Version 12.00
# Visual Studio Version 16
VisualStudioVersion = 16.0.30804.86
MinimumVisualStudioVersion = 10.0.40219.1
Project("{9A19103F-16F7-4668-BE54-9A1E7A4F7556}") = "BackgroundWorker.Common", "BackgroundWorker.Common\BackgroundWorker.Common.csproj", "{C9922C5F-319D-480C-B670-98CC20DAA0D7}"
EndProject
Project("{9A19103F-16F7-4668-BE54-9A1E7A4F7556}") = "BackgroundWorker", "BackgroundWorker\BackgroundWorker.csproj", "{62EBFCE0-1058-444B-85A5-DEA8A82A897E}"
EndProject
Global
	GlobalSection(SolutionConfigurationPlatforms) = preSolution
		Debug|Any CPU = Debug|Any CPU
		Release|Any CPU = Release|Any CPU
	EndGlobalSection
	GlobalSection(ProjectConfigurationPlatforms) = postSolution
		{C9922C5F-319D-480C-B670-98CC20DAA0D7}.Debug|Any CPU.ActiveCfg = Debug|Any CPU
		{C9922C5F-319D-480C-B670-98CC20DAA0D7}.Debug|Any CPU.Build.0 = Debug|Any CPU
		{C9922C5F-319D-480C-B670-98CC20DAA0D7}.Release|Any CPU.ActiveCfg = Release|Any CPU
		{C9922C5F-319D-480C-B670-98CC20DAA0D7}.Release|Any CPU.Build.0 = Release|Any CPU
		{62EBFCE0-1058-444B-85A5-DEA8A82A897E}.Debug|Any CPU.ActiveCfg = Debug|Any CPU
		{62EBFCE0-1058-444B-85A5-DEA8A82A897E}.Debug|Any CPU.Build.0 = Debug|Any CPU
		{62EBFCE0-1058-444B-85A5-DEA8A82A897E}.Release|Any CPU.ActiveCfg = Release|Any CPU
		{62EBFCE0-1058-444B-85A5-DEA8A82A897E}.Release|Any CPU.Build.0 = Release|Any CPU
	EndGlobalSection
	GlobalSection(SolutionProperties) = preSolution
		HideSolutionNode = FALSE
	EndGlobalSection
	GlobalSection(ExtensibilityGlobals) = postSolution
		SolutionGuid = {0AEF65F7-5983-48EF-B466-400C1B7A4C13}
	EndGlobalSection
EndGlobal
