
Microsoft Visual Studio Solution File, Format Version 12.00
# Visual Studio Version 16
VisualStudioVersion = 16.0.30907.101
MinimumVisualStudioVersion = 10.0.40219.1
Project("{FAE04EC0-301F-11D3-BF4B-00C04F79EFBC}") = "EntityFramework.Common", "EntityFramework.Common\EntityFramework.Common.csproj", "{9DB040D0-B299-40A1-93F7-B5B404F14E16}"
EndProject
Project("{FAE04EC0-301F-11D3-BF4B-00C04F79EFBC}") = "EntityFramework.App", "EntityFramework.App\EntityFramework.App.csproj", "{CA23887D-6694-4B89-8EEF-4E9FF07A99DA}"
EndProject
Global
	GlobalSection(SolutionConfigurationPlatforms) = preSolution
		Debug|Any CPU = Debug|Any CPU
		Release|Any CPU = Release|Any CPU
	EndGlobalSection
	GlobalSection(ProjectConfigurationPlatforms) = postSolution
		{9DB040D0-B299-40A1-93F7-B5B404F14E16}.Debug|Any CPU.ActiveCfg = Debug|Any CPU
		{9DB040D0-B299-40A1-93F7-B5B404F14E16}.Debug|Any CPU.Build.0 = Debug|Any CPU
		{9DB040D0-B299-40A1-93F7-B5B404F14E16}.Release|Any CPU.ActiveCfg = Release|Any CPU
		{9DB040D0-B299-40A1-93F7-B5B404F14E16}.Release|Any CPU.Build.0 = Release|Any CPU
		{CA23887D-6694-4B89-8EEF-4E9FF07A99DA}.Debug|Any CPU.ActiveCfg = Debug|Any CPU
		{CA23887D-6694-4B89-8EEF-4E9FF07A99DA}.Debug|Any CPU.Build.0 = Debug|Any CPU
		{CA23887D-6694-4B89-8EEF-4E9FF07A99DA}.Release|Any CPU.ActiveCfg = Release|Any CPU
		{CA23887D-6694-4B89-8EEF-4E9FF07A99DA}.Release|Any CPU.Build.0 = Release|Any CPU
	EndGlobalSection
	GlobalSection(SolutionProperties) = preSolution
		HideSolutionNode = FALSE
	EndGlobalSection
	GlobalSection(ExtensibilityGlobals) = postSolution
		SolutionGuid = {63FFDBF4-2CE3-4D38-9095-9C38B6E5357D}
	EndGlobalSection
EndGlobal
